
Microsoft Visual Studio Solution File, Format Version 12.00
# Visual Studio Version 17
VisualStudioVersion = 17.2.32602.215
MinimumVisualStudioVersion = 10.0.40219.1
Project("{2150E333-8FDC-42A3-9474-1A3956D46DE8}") = "AppCliTools", "AppCliTools", "{D4AB318C-0DB0-4A39-A80D-9DE60C8B0049}"
EndProject
Project("{9A19103F-16F7-4668-BE54-9A1E7A4F7556}") = "CliParameters", "..\AppCliTools\CliParameters\CliParameters.csproj", "{0A3A4D93-3DAB-4585-A915-983F3D15A65E}"
EndProject
Project("{2150E333-8FDC-42A3-9474-1A3956D46DE8}") = "SystemTools", "SystemTools", "{9C583271-C6E9-4048-BE64-D05FBB7B117A}"
EndProject
Project("{9A19103F-16F7-4668-BE54-9A1E7A4F7556}") = "SystemToolsShared", "..\SystemTools\SystemToolsShared\SystemToolsShared.csproj", "{DC4FD982-A73D-44C3-9CAA-469A3406ED01}"
EndProject
Project("{9A19103F-16F7-4668-BE54-9A1E7A4F7556}") = "Crawler", "Crawler\Crawler.csproj", "{60C6776F-CCD1-47A3-9BD6-13D77319622B}"
EndProject
Project("{9A19103F-16F7-4668-BE54-9A1E7A4F7556}") = "CliTools", "..\AppCliTools\CliTools\CliTools.csproj", "{75A85399-EA10-420F-A5E0-F67C47735435}"
EndProject
Project("{9A19103F-16F7-4668-BE54-9A1E7A4F7556}") = "CrawlerDb", "CrawlerDb\CrawlerDb.csproj", "{5B91271B-E2C8-40A6-BF90-8F06706F984E}"
EndProject
Project("{9A19103F-16F7-4668-BE54-9A1E7A4F7556}") = "CrawlerDbMigration", "CrawlerDbMigration\CrawlerDbMigration.csproj", "{0569B7BD-4255-4570-884B-7C2E24A9AC9F}"
EndProject
Project("{9A19103F-16F7-4668-BE54-9A1E7A4F7556}") = "DoCrawler", "DoCrawler\DoCrawler.csproj", "{8F03C2C2-362D-4A32-9CAA-9372799E01BC}"
EndProject
Project("{9A19103F-16F7-4668-BE54-9A1E7A4F7556}") = "CliParametersDataEdit", "..\AppCliTools\CliParametersDataEdit\CliParametersDataEdit.csproj", "{99EA0910-2CCA-471C-B55B-7C93FC5C7F3D}"
EndProject
Project("{9A19103F-16F7-4668-BE54-9A1E7A4F7556}") = "LibCrawlerRepositories", "LibCrawlerRepositories\LibCrawlerRepositories.csproj", "{2BB19471-B5A8-4A4C-A46E-A38807F296A4}"
EndProject
Project("{9A19103F-16F7-4668-BE54-9A1E7A4F7556}") = "CliMenu", "..\AppCliTools\CliMenu\CliMenu.csproj", "{CAE6109E-C7D1-499F-A522-7024E604DF50}"
EndProject
Project("{9A19103F-16F7-4668-BE54-9A1E7A4F7556}") = "LibMenuInput", "..\AppCliTools\LibMenuInput\LibMenuInput.csproj", "{FAC0ABD9-591B-405E-8BE4-FC920B30EB0D}"
EndProject
Project("{9A19103F-16F7-4668-BE54-9A1E7A4F7556}") = "LibDataInput", "..\AppCliTools\LibDataInput\LibDataInput.csproj", "{98D8846E-7025-4870-8C83-6FDE7671468E}"
EndProject
Project("{2150E333-8FDC-42A3-9474-1A3956D46DE8}") = "DatabaseTools", "DatabaseTools", "{DDEE45EB-C473-435D-A8BD-F431913C3979}"
EndProject
Project("{9A19103F-16F7-4668-BE54-9A1E7A4F7556}") = "DbTools", "..\DatabaseTools\DbTools\DbTools.csproj", "{975564A5-08C2-4FE0-826C-13470F674E98}"
EndProject
Project("{9A19103F-16F7-4668-BE54-9A1E7A4F7556}") = "SqLiteDbTools", "..\DatabaseTools\SqLiteDbTools\SqLiteDbTools.csproj", "{A57477C3-2386-4E90-8595-EDE2D66649D3}"
EndProject
Project("{9A19103F-16F7-4668-BE54-9A1E7A4F7556}") = "SqlServerDbTools", "..\DatabaseTools\SqlServerDbTools\SqlServerDbTools.csproj", "{0B4C0F7D-7A48-4142-9245-705DB7B49F2B}"
EndProject
Project("{2150E333-8FDC-42A3-9474-1A3956D46DE8}") = "ParametersManagement", "ParametersManagement", "{64743A7D-5864-4ABE-AF15-1F790AF76550}"
EndProject
Project("{9A19103F-16F7-4668-BE54-9A1E7A4F7556}") = "LibParameters", "..\ParametersManagement\LibParameters\LibParameters.csproj", "{FAA4B752-166E-47FE-A71F-2EAFFFA44417}"
EndProject
Project("{2150E333-8FDC-42A3-9474-1A3956D46DE8}") = "ToolsManagement", "ToolsManagement", "{65179CDD-4244-46A6-A2D3-D18BACB482F1}"
EndProject
Project("{9A19103F-16F7-4668-BE54-9A1E7A4F7556}") = "LibToolActions", "..\ToolsManagement\LibToolActions\LibToolActions.csproj", "{CD7CD4BF-F4BC-4527-9079-4F1896121439}"
EndProject
Project("{9A19103F-16F7-4668-BE54-9A1E7A4F7556}") = "LibDatabaseParameters", "..\ParametersManagement\LibDatabaseParameters\LibDatabaseParameters.csproj", "{2DEAFCC1-60F5-4552-BE5E-C043FBCB1485}"
EndProject
Project("{9A19103F-16F7-4668-BE54-9A1E7A4F7556}") = "LibApiClientParameters", "..\ParametersManagement\LibApiClientParameters\LibApiClientParameters.csproj", "{719599DC-6AD0-45E9-B779-1BDF1F1E9DA5}"
EndProject
Project("{9A19103F-16F7-4668-BE54-9A1E7A4F7556}") = "DatabasesManagement", "..\ToolsManagement\DatabasesManagement\DatabasesManagement.csproj", "{374CB4EB-51CF-4579-8020-E39DA8E17003}"
EndProject
Project("{9A19103F-16F7-4668-BE54-9A1E7A4F7556}") = "ApiClientsManagement", "..\ToolsManagement\ApiClientsManagement\ApiClientsManagement.csproj", "{4389E1E7-6EC5-4F14-88EB-63273FEA64D4}"
EndProject
Project("{9A19103F-16F7-4668-BE54-9A1E7A4F7556}") = "RobotsTxt", "RobotsTxt\RobotsTxt.csproj", "{127521C8-4E9E-4AA4-A9FB-C5525AC72CC4}"
EndProject
Project("{2150E333-8FDC-42A3-9474-1A3956D46DE8}") = "WebAgentContracts", "WebAgentContracts", "{50A52B87-1A95-465D-BF62-50DEFBBEB841}"
EndProject
Project("{9A19103F-16F7-4668-BE54-9A1E7A4F7556}") = "WebAgentDatabasesApiContracts", "..\WebAgentContracts\WebAgentDatabasesApiContracts\WebAgentDatabasesApiContracts.csproj", "{ABB23C6F-DCE9-4959-A4DF-229553AD43E7}"
EndProject
Project("{9A19103F-16F7-4668-BE54-9A1E7A4F7556}") = "ApiContracts", "..\SystemTools\ApiContracts\ApiContracts.csproj", "{503EE9B7-19D5-4F2D-AC7F-415228FA6E95}"
EndProject
Project("{9A19103F-16F7-4668-BE54-9A1E7A4F7556}") = "StringMessagesApiContracts", "..\SystemTools\StringMessagesApiContracts\StringMessagesApiContracts.csproj", "{66E53028-4A85-40E5-80F1-60C317221E0F}"
EndProject
Project("{FAE04EC0-301F-11D3-BF4B-00C04F79EFBC}") = "CliParametersApiClientsEdit", "..\AppCliTools\CliParametersApiClientsEdit\CliParametersApiClientsEdit.csproj", "{91B9746E-0920-4618-BD07-3B2A4D3632DF}"
EndProject
Project("{FAE04EC0-301F-11D3-BF4B-00C04F79EFBC}") = "LibFileParameters", "..\ParametersManagement\LibFileParameters\LibFileParameters.csproj", "{81468BB7-15D2-45F9-ADF9-2896D20A9ADE}"
EndProject
Project("{FAE04EC0-301F-11D3-BF4B-00C04F79EFBC}") = "FileManagersMain", "..\ToolsManagement\FileManagersMain\FileManagersMain.csproj", "{9A77B1D3-4445-4967-80EF-DDF13525266F}"
EndProject
Project("{2150E333-8FDC-42A3-9474-1A3956D46DE8}") = "ConnectionTools", "ConnectionTools", "{7161B574-FE7B-44F8-A86D-DBCD9A07753D}"
EndProject
Project("{FAE04EC0-301F-11D3-BF4B-00C04F79EFBC}") = "ConnectTools", "..\ConnectionTools\ConnectTools\ConnectTools.csproj", "{418E83CD-FA1F-4B96-91B4-31D4B10DBA96}"
EndProject
Project("{FAE04EC0-301F-11D3-BF4B-00C04F79EFBC}") = "FTPTools", "..\ConnectionTools\FTPTools\FTPTools.csproj", "{D6FA442B-79F5-44BE-A00B-95709126DBA6}"
EndProject
Project("{FAE04EC0-301F-11D3-BF4B-00C04F79EFBC}") = "TestApiContracts", "..\SystemTools\TestApiContracts\TestApiContracts.csproj", "{11883001-6A7E-4722-88F5-251F16F07806}"
EndProject
Project("{FAE04EC0-301F-11D3-BF4B-00C04F79EFBC}") = "OleDbTools", "..\DatabaseTools\OleDbTools\OleDbTools.csproj", "{38D8654C-DDE9-4FA9-BE7A-7696E8DCF54E}"
EndProject
Project("{FAE04EC0-301F-11D3-BF4B-00C04F79EFBC}") = "CliParametersEdit", "..\AppCliTools\CliParametersEdit\CliParametersEdit.csproj", "{B93EDB9F-464E-436D-B8F9-2EF2DF962BA7}"
EndProject
Project("{FAE04EC0-301F-11D3-BF4B-00C04F79EFBC}") = "DatabaseToolsShared", "..\SystemTools\DatabaseToolsShared\DatabaseToolsShared.csproj", "{C44870DB-E421-B877-9CA8-6CE64E0CBF62}"
EndProject
Project("{FAE04EC0-301F-11D3-BF4B-00C04F79EFBC}") = "RepositoriesDom", "..\SystemTools\RepositoriesDom\RepositoriesDom.csproj", "{12049C24-EDDC-BC88-CFCC-413C78EAEF29}"
EndProject
Project("{FAE04EC0-301F-11D3-BF4B-00C04F79EFBC}") = "CToolsFactory", "..\ConnectionTools\CToolsFactory\CToolsFactory.csproj", "{C3A4067B-E483-42CA-8431-F37B02065434}"
EndProject
Project("{FAE04EC0-301F-11D3-BF4B-00C04F79EFBC}") = "DbToolsFactory", "..\DatabaseTools\DbToolsFactory\DbToolsFactory.csproj", "{C565C0F0-38F3-42E8-931C-E412B7C37CCD}"
EndProject
Project("{FAE04EC0-301F-11D3-BF4B-00C04F79EFBC}") = "SystemToolsShared.Tests", "..\SystemTools\SystemToolsShared.Tests\SystemToolsShared.Tests.csproj", "{80CE906C-6B7F-DA00-CBD4-2BB4DAE6F867}"
EndProject
Project("{FAE04EC0-301F-11D3-BF4B-00C04F79EFBC}") = "StringMessagesApiContracts.Tests", "..\SystemTools\StringMessagesApiContracts.Tests\StringMessagesApiContracts.Tests.csproj", "{36137047-A18E-C6FC-C3BD-C620CBCD33D9}"
EndProject
Project("{FAE04EC0-301F-11D3-BF4B-00C04F79EFBC}") = "RepositoriesDom.Tests", "..\SystemTools\RepositoriesDom.Tests\RepositoriesDom.Tests.csproj", "{55E613B9-A50A-9E67-F473-B4648B44A571}"
EndProject
Project("{FAE04EC0-301F-11D3-BF4B-00C04F79EFBC}") = "DatabaseToolsShared.Tests", "..\SystemTools\DatabaseToolsShared.Tests\DatabaseToolsShared.Tests.csproj", "{355D1174-A675-4F0E-BA25-3E3D539727AB}"
EndProject
Global
	GlobalSection(SolutionConfigurationPlatforms) = preSolution
		Debug|Any CPU = Debug|Any CPU
		Debug|x64 = Debug|x64
		Debug|x86 = Debug|x86
		Release|Any CPU = Release|Any CPU
		Release|x64 = Release|x64
		Release|x86 = Release|x86
	EndGlobalSection
	GlobalSection(ProjectConfigurationPlatforms) = postSolution
		{0A3A4D93-3DAB-4585-A915-983F3D15A65E}.Debug|Any CPU.ActiveCfg = Debug|Any CPU
		{0A3A4D93-3DAB-4585-A915-983F3D15A65E}.Debug|Any CPU.Build.0 = Debug|Any CPU
		{0A3A4D93-3DAB-4585-A915-983F3D15A65E}.Debug|x64.ActiveCfg = Debug|Any CPU
		{0A3A4D93-3DAB-4585-A915-983F3D15A65E}.Debug|x64.Build.0 = Debug|Any CPU
		{0A3A4D93-3DAB-4585-A915-983F3D15A65E}.Debug|x86.ActiveCfg = Debug|Any CPU
		{0A3A4D93-3DAB-4585-A915-983F3D15A65E}.Debug|x86.Build.0 = Debug|Any CPU
		{0A3A4D93-3DAB-4585-A915-983F3D15A65E}.Release|Any CPU.ActiveCfg = Release|Any CPU
		{0A3A4D93-3DAB-4585-A915-983F3D15A65E}.Release|Any CPU.Build.0 = Release|Any CPU
		{0A3A4D93-3DAB-4585-A915-983F3D15A65E}.Release|x64.ActiveCfg = Release|Any CPU
		{0A3A4D93-3DAB-4585-A915-983F3D15A65E}.Release|x64.Build.0 = Release|Any CPU
		{0A3A4D93-3DAB-4585-A915-983F3D15A65E}.Release|x86.ActiveCfg = Release|Any CPU
		{0A3A4D93-3DAB-4585-A915-983F3D15A65E}.Release|x86.Build.0 = Release|Any CPU
		{DC4FD982-A73D-44C3-9CAA-469A3406ED01}.Debug|Any CPU.ActiveCfg = Debug|Any CPU
		{DC4FD982-A73D-44C3-9CAA-469A3406ED01}.Debug|Any CPU.Build.0 = Debug|Any CPU
		{DC4FD982-A73D-44C3-9CAA-469A3406ED01}.Debug|x64.ActiveCfg = Debug|Any CPU
		{DC4FD982-A73D-44C3-9CAA-469A3406ED01}.Debug|x64.Build.0 = Debug|Any CPU
		{DC4FD982-A73D-44C3-9CAA-469A3406ED01}.Debug|x86.ActiveCfg = Debug|Any CPU
		{DC4FD982-A73D-44C3-9CAA-469A3406ED01}.Debug|x86.Build.0 = Debug|Any CPU
		{DC4FD982-A73D-44C3-9CAA-469A3406ED01}.Release|Any CPU.ActiveCfg = Release|Any CPU
		{DC4FD982-A73D-44C3-9CAA-469A3406ED01}.Release|Any CPU.Build.0 = Release|Any CPU
		{DC4FD982-A73D-44C3-9CAA-469A3406ED01}.Release|x64.ActiveCfg = Release|Any CPU
		{DC4FD982-A73D-44C3-9CAA-469A3406ED01}.Release|x64.Build.0 = Release|Any CPU
		{DC4FD982-A73D-44C3-9CAA-469A3406ED01}.Release|x86.ActiveCfg = Release|Any CPU
		{DC4FD982-A73D-44C3-9CAA-469A3406ED01}.Release|x86.Build.0 = Release|Any CPU
		{60C6776F-CCD1-47A3-9BD6-13D77319622B}.Debug|Any CPU.ActiveCfg = Debug|Any CPU
		{60C6776F-CCD1-47A3-9BD6-13D77319622B}.Debug|Any CPU.Build.0 = Debug|Any CPU
		{60C6776F-CCD1-47A3-9BD6-13D77319622B}.Debug|x64.ActiveCfg = Debug|Any CPU
		{60C6776F-CCD1-47A3-9BD6-13D77319622B}.Debug|x64.Build.0 = Debug|Any CPU
		{60C6776F-CCD1-47A3-9BD6-13D77319622B}.Debug|x86.ActiveCfg = Debug|Any CPU
		{60C6776F-CCD1-47A3-9BD6-13D77319622B}.Debug|x86.Build.0 = Debug|Any CPU
		{60C6776F-CCD1-47A3-9BD6-13D77319622B}.Release|Any CPU.ActiveCfg = Release|Any CPU
		{60C6776F-CCD1-47A3-9BD6-13D77319622B}.Release|Any CPU.Build.0 = Release|Any CPU
		{60C6776F-CCD1-47A3-9BD6-13D77319622B}.Release|x64.ActiveCfg = Release|Any CPU
		{60C6776F-CCD1-47A3-9BD6-13D77319622B}.Release|x64.Build.0 = Release|Any CPU
		{60C6776F-CCD1-47A3-9BD6-13D77319622B}.Release|x86.ActiveCfg = Release|Any CPU
		{60C6776F-CCD1-47A3-9BD6-13D77319622B}.Release|x86.Build.0 = Release|Any CPU
		{75A85399-EA10-420F-A5E0-F67C47735435}.Debug|Any CPU.ActiveCfg = Debug|Any CPU
		{75A85399-EA10-420F-A5E0-F67C47735435}.Debug|Any CPU.Build.0 = Debug|Any CPU
		{75A85399-EA10-420F-A5E0-F67C47735435}.Debug|x64.ActiveCfg = Debug|Any CPU
		{75A85399-EA10-420F-A5E0-F67C47735435}.Debug|x64.Build.0 = Debug|Any CPU
		{75A85399-EA10-420F-A5E0-F67C47735435}.Debug|x86.ActiveCfg = Debug|Any CPU
		{75A85399-EA10-420F-A5E0-F67C47735435}.Debug|x86.Build.0 = Debug|Any CPU
		{75A85399-EA10-420F-A5E0-F67C47735435}.Release|Any CPU.ActiveCfg = Release|Any CPU
		{75A85399-EA10-420F-A5E0-F67C47735435}.Release|Any CPU.Build.0 = Release|Any CPU
		{75A85399-EA10-420F-A5E0-F67C47735435}.Release|x64.ActiveCfg = Release|Any CPU
		{75A85399-EA10-420F-A5E0-F67C47735435}.Release|x64.Build.0 = Release|Any CPU
		{75A85399-EA10-420F-A5E0-F67C47735435}.Release|x86.ActiveCfg = Release|Any CPU
		{75A85399-EA10-420F-A5E0-F67C47735435}.Release|x86.Build.0 = Release|Any CPU
		{5B91271B-E2C8-40A6-BF90-8F06706F984E}.Debug|Any CPU.ActiveCfg = Debug|Any CPU
		{5B91271B-E2C8-40A6-BF90-8F06706F984E}.Debug|Any CPU.Build.0 = Debug|Any CPU
		{5B91271B-E2C8-40A6-BF90-8F06706F984E}.Debug|x64.ActiveCfg = Debug|Any CPU
		{5B91271B-E2C8-40A6-BF90-8F06706F984E}.Debug|x64.Build.0 = Debug|Any CPU
		{5B91271B-E2C8-40A6-BF90-8F06706F984E}.Debug|x86.ActiveCfg = Debug|Any CPU
		{5B91271B-E2C8-40A6-BF90-8F06706F984E}.Debug|x86.Build.0 = Debug|Any CPU
		{5B91271B-E2C8-40A6-BF90-8F06706F984E}.Release|Any CPU.ActiveCfg = Release|Any CPU
		{5B91271B-E2C8-40A6-BF90-8F06706F984E}.Release|Any CPU.Build.0 = Release|Any CPU
		{5B91271B-E2C8-40A6-BF90-8F06706F984E}.Release|x64.ActiveCfg = Release|Any CPU
		{5B91271B-E2C8-40A6-BF90-8F06706F984E}.Release|x64.Build.0 = Release|Any CPU
		{5B91271B-E2C8-40A6-BF90-8F06706F984E}.Release|x86.ActiveCfg = Release|Any CPU
		{5B91271B-E2C8-40A6-BF90-8F06706F984E}.Release|x86.Build.0 = Release|Any CPU
		{0569B7BD-4255-4570-884B-7C2E24A9AC9F}.Debug|Any CPU.ActiveCfg = Debug|Any CPU
		{0569B7BD-4255-4570-884B-7C2E24A9AC9F}.Debug|Any CPU.Build.0 = Debug|Any CPU
		{0569B7BD-4255-4570-884B-7C2E24A9AC9F}.Debug|x64.ActiveCfg = Debug|Any CPU
		{0569B7BD-4255-4570-884B-7C2E24A9AC9F}.Debug|x64.Build.0 = Debug|Any CPU
		{0569B7BD-4255-4570-884B-7C2E24A9AC9F}.Debug|x86.ActiveCfg = Debug|Any CPU
		{0569B7BD-4255-4570-884B-7C2E24A9AC9F}.Debug|x86.Build.0 = Debug|Any CPU
		{0569B7BD-4255-4570-884B-7C2E24A9AC9F}.Release|Any CPU.ActiveCfg = Release|Any CPU
		{0569B7BD-4255-4570-884B-7C2E24A9AC9F}.Release|Any CPU.Build.0 = Release|Any CPU
		{0569B7BD-4255-4570-884B-7C2E24A9AC9F}.Release|x64.ActiveCfg = Release|Any CPU
		{0569B7BD-4255-4570-884B-7C2E24A9AC9F}.Release|x64.Build.0 = Release|Any CPU
		{0569B7BD-4255-4570-884B-7C2E24A9AC9F}.Release|x86.ActiveCfg = Release|Any CPU
		{0569B7BD-4255-4570-884B-7C2E24A9AC9F}.Release|x86.Build.0 = Release|Any CPU
		{8F03C2C2-362D-4A32-9CAA-9372799E01BC}.Debug|Any CPU.ActiveCfg = Debug|Any CPU
		{8F03C2C2-362D-4A32-9CAA-9372799E01BC}.Debug|Any CPU.Build.0 = Debug|Any CPU
		{8F03C2C2-362D-4A32-9CAA-9372799E01BC}.Debug|x64.ActiveCfg = Debug|Any CPU
		{8F03C2C2-362D-4A32-9CAA-9372799E01BC}.Debug|x64.Build.0 = Debug|Any CPU
		{8F03C2C2-362D-4A32-9CAA-9372799E01BC}.Debug|x86.ActiveCfg = Debug|Any CPU
		{8F03C2C2-362D-4A32-9CAA-9372799E01BC}.Debug|x86.Build.0 = Debug|Any CPU
		{8F03C2C2-362D-4A32-9CAA-9372799E01BC}.Release|Any CPU.ActiveCfg = Release|Any CPU
		{8F03C2C2-362D-4A32-9CAA-9372799E01BC}.Release|Any CPU.Build.0 = Release|Any CPU
		{8F03C2C2-362D-4A32-9CAA-9372799E01BC}.Release|x64.ActiveCfg = Release|Any CPU
		{8F03C2C2-362D-4A32-9CAA-9372799E01BC}.Release|x64.Build.0 = Release|Any CPU
		{8F03C2C2-362D-4A32-9CAA-9372799E01BC}.Release|x86.ActiveCfg = Release|Any CPU
		{8F03C2C2-362D-4A32-9CAA-9372799E01BC}.Release|x86.Build.0 = Release|Any CPU
		{99EA0910-2CCA-471C-B55B-7C93FC5C7F3D}.Debug|Any CPU.ActiveCfg = Debug|Any CPU
		{99EA0910-2CCA-471C-B55B-7C93FC5C7F3D}.Debug|Any CPU.Build.0 = Debug|Any CPU
		{99EA0910-2CCA-471C-B55B-7C93FC5C7F3D}.Debug|x64.ActiveCfg = Debug|Any CPU
		{99EA0910-2CCA-471C-B55B-7C93FC5C7F3D}.Debug|x64.Build.0 = Debug|Any CPU
		{99EA0910-2CCA-471C-B55B-7C93FC5C7F3D}.Debug|x86.ActiveCfg = Debug|Any CPU
		{99EA0910-2CCA-471C-B55B-7C93FC5C7F3D}.Debug|x86.Build.0 = Debug|Any CPU
		{99EA0910-2CCA-471C-B55B-7C93FC5C7F3D}.Release|Any CPU.ActiveCfg = Release|Any CPU
		{99EA0910-2CCA-471C-B55B-7C93FC5C7F3D}.Release|Any CPU.Build.0 = Release|Any CPU
		{99EA0910-2CCA-471C-B55B-7C93FC5C7F3D}.Release|x64.ActiveCfg = Release|Any CPU
		{99EA0910-2CCA-471C-B55B-7C93FC5C7F3D}.Release|x64.Build.0 = Release|Any CPU
		{99EA0910-2CCA-471C-B55B-7C93FC5C7F3D}.Release|x86.ActiveCfg = Release|Any CPU
		{99EA0910-2CCA-471C-B55B-7C93FC5C7F3D}.Release|x86.Build.0 = Release|Any CPU
		{2BB19471-B5A8-4A4C-A46E-A38807F296A4}.Debug|Any CPU.ActiveCfg = Debug|Any CPU
		{2BB19471-B5A8-4A4C-A46E-A38807F296A4}.Debug|Any CPU.Build.0 = Debug|Any CPU
		{2BB19471-B5A8-4A4C-A46E-A38807F296A4}.Debug|x64.ActiveCfg = Debug|Any CPU
		{2BB19471-B5A8-4A4C-A46E-A38807F296A4}.Debug|x64.Build.0 = Debug|Any CPU
		{2BB19471-B5A8-4A4C-A46E-A38807F296A4}.Debug|x86.ActiveCfg = Debug|Any CPU
		{2BB19471-B5A8-4A4C-A46E-A38807F296A4}.Debug|x86.Build.0 = Debug|Any CPU
		{2BB19471-B5A8-4A4C-A46E-A38807F296A4}.Release|Any CPU.ActiveCfg = Release|Any CPU
		{2BB19471-B5A8-4A4C-A46E-A38807F296A4}.Release|Any CPU.Build.0 = Release|Any CPU
		{2BB19471-B5A8-4A4C-A46E-A38807F296A4}.Release|x64.ActiveCfg = Release|Any CPU
		{2BB19471-B5A8-4A4C-A46E-A38807F296A4}.Release|x64.Build.0 = Release|Any CPU
		{2BB19471-B5A8-4A4C-A46E-A38807F296A4}.Release|x86.ActiveCfg = Release|Any CPU
		{2BB19471-B5A8-4A4C-A46E-A38807F296A4}.Release|x86.Build.0 = Release|Any CPU
		{CAE6109E-C7D1-499F-A522-7024E604DF50}.Debug|Any CPU.ActiveCfg = Debug|Any CPU
		{CAE6109E-C7D1-499F-A522-7024E604DF50}.Debug|Any CPU.Build.0 = Debug|Any CPU
		{CAE6109E-C7D1-499F-A522-7024E604DF50}.Debug|x64.ActiveCfg = Debug|Any CPU
		{CAE6109E-C7D1-499F-A522-7024E604DF50}.Debug|x64.Build.0 = Debug|Any CPU
		{CAE6109E-C7D1-499F-A522-7024E604DF50}.Debug|x86.ActiveCfg = Debug|Any CPU
		{CAE6109E-C7D1-499F-A522-7024E604DF50}.Debug|x86.Build.0 = Debug|Any CPU
		{CAE6109E-C7D1-499F-A522-7024E604DF50}.Release|Any CPU.ActiveCfg = Release|Any CPU
		{CAE6109E-C7D1-499F-A522-7024E604DF50}.Release|Any CPU.Build.0 = Release|Any CPU
		{CAE6109E-C7D1-499F-A522-7024E604DF50}.Release|x64.ActiveCfg = Release|Any CPU
		{CAE6109E-C7D1-499F-A522-7024E604DF50}.Release|x64.Build.0 = Release|Any CPU
		{CAE6109E-C7D1-499F-A522-7024E604DF50}.Release|x86.ActiveCfg = Release|Any CPU
		{CAE6109E-C7D1-499F-A522-7024E604DF50}.Release|x86.Build.0 = Release|Any CPU
		{FAC0ABD9-591B-405E-8BE4-FC920B30EB0D}.Debug|Any CPU.ActiveCfg = Debug|Any CPU
		{FAC0ABD9-591B-405E-8BE4-FC920B30EB0D}.Debug|Any CPU.Build.0 = Debug|Any CPU
		{FAC0ABD9-591B-405E-8BE4-FC920B30EB0D}.Debug|x64.ActiveCfg = Debug|Any CPU
		{FAC0ABD9-591B-405E-8BE4-FC920B30EB0D}.Debug|x64.Build.0 = Debug|Any CPU
		{FAC0ABD9-591B-405E-8BE4-FC920B30EB0D}.Debug|x86.ActiveCfg = Debug|Any CPU
		{FAC0ABD9-591B-405E-8BE4-FC920B30EB0D}.Debug|x86.Build.0 = Debug|Any CPU
		{FAC0ABD9-591B-405E-8BE4-FC920B30EB0D}.Release|Any CPU.ActiveCfg = Release|Any CPU
		{FAC0ABD9-591B-405E-8BE4-FC920B30EB0D}.Release|Any CPU.Build.0 = Release|Any CPU
		{FAC0ABD9-591B-405E-8BE4-FC920B30EB0D}.Release|x64.ActiveCfg = Release|Any CPU
		{FAC0ABD9-591B-405E-8BE4-FC920B30EB0D}.Release|x64.Build.0 = Release|Any CPU
		{FAC0ABD9-591B-405E-8BE4-FC920B30EB0D}.Release|x86.ActiveCfg = Release|Any CPU
		{FAC0ABD9-591B-405E-8BE4-FC920B30EB0D}.Release|x86.Build.0 = Release|Any CPU
		{98D8846E-7025-4870-8C83-6FDE7671468E}.Debug|Any CPU.ActiveCfg = Debug|Any CPU
		{98D8846E-7025-4870-8C83-6FDE7671468E}.Debug|Any CPU.Build.0 = Debug|Any CPU
		{98D8846E-7025-4870-8C83-6FDE7671468E}.Debug|x64.ActiveCfg = Debug|Any CPU
		{98D8846E-7025-4870-8C83-6FDE7671468E}.Debug|x64.Build.0 = Debug|Any CPU
		{98D8846E-7025-4870-8C83-6FDE7671468E}.Debug|x86.ActiveCfg = Debug|Any CPU
		{98D8846E-7025-4870-8C83-6FDE7671468E}.Debug|x86.Build.0 = Debug|Any CPU
		{98D8846E-7025-4870-8C83-6FDE7671468E}.Release|Any CPU.ActiveCfg = Release|Any CPU
		{98D8846E-7025-4870-8C83-6FDE7671468E}.Release|Any CPU.Build.0 = Release|Any CPU
		{98D8846E-7025-4870-8C83-6FDE7671468E}.Release|x64.ActiveCfg = Release|Any CPU
		{98D8846E-7025-4870-8C83-6FDE7671468E}.Release|x64.Build.0 = Release|Any CPU
		{98D8846E-7025-4870-8C83-6FDE7671468E}.Release|x86.ActiveCfg = Release|Any CPU
		{98D8846E-7025-4870-8C83-6FDE7671468E}.Release|x86.Build.0 = Release|Any CPU
		{975564A5-08C2-4FE0-826C-13470F674E98}.Debug|Any CPU.ActiveCfg = Debug|Any CPU
		{975564A5-08C2-4FE0-826C-13470F674E98}.Debug|Any CPU.Build.0 = Debug|Any CPU
		{975564A5-08C2-4FE0-826C-13470F674E98}.Debug|x64.ActiveCfg = Debug|Any CPU
		{975564A5-08C2-4FE0-826C-13470F674E98}.Debug|x64.Build.0 = Debug|Any CPU
		{975564A5-08C2-4FE0-826C-13470F674E98}.Debug|x86.ActiveCfg = Debug|Any CPU
		{975564A5-08C2-4FE0-826C-13470F674E98}.Debug|x86.Build.0 = Debug|Any CPU
		{975564A5-08C2-4FE0-826C-13470F674E98}.Release|Any CPU.ActiveCfg = Release|Any CPU
		{975564A5-08C2-4FE0-826C-13470F674E98}.Release|Any CPU.Build.0 = Release|Any CPU
		{975564A5-08C2-4FE0-826C-13470F674E98}.Release|x64.ActiveCfg = Release|Any CPU
		{975564A5-08C2-4FE0-826C-13470F674E98}.Release|x64.Build.0 = Release|Any CPU
		{975564A5-08C2-4FE0-826C-13470F674E98}.Release|x86.ActiveCfg = Release|Any CPU
		{975564A5-08C2-4FE0-826C-13470F674E98}.Release|x86.Build.0 = Release|Any CPU
		{A57477C3-2386-4E90-8595-EDE2D66649D3}.Debug|Any CPU.ActiveCfg = Debug|Any CPU
		{A57477C3-2386-4E90-8595-EDE2D66649D3}.Debug|Any CPU.Build.0 = Debug|Any CPU
		{A57477C3-2386-4E90-8595-EDE2D66649D3}.Debug|x64.ActiveCfg = Debug|Any CPU
		{A57477C3-2386-4E90-8595-EDE2D66649D3}.Debug|x64.Build.0 = Debug|Any CPU
		{A57477C3-2386-4E90-8595-EDE2D66649D3}.Debug|x86.ActiveCfg = Debug|Any CPU
		{A57477C3-2386-4E90-8595-EDE2D66649D3}.Debug|x86.Build.0 = Debug|Any CPU
		{A57477C3-2386-4E90-8595-EDE2D66649D3}.Release|Any CPU.ActiveCfg = Release|Any CPU
		{A57477C3-2386-4E90-8595-EDE2D66649D3}.Release|Any CPU.Build.0 = Release|Any CPU
		{A57477C3-2386-4E90-8595-EDE2D66649D3}.Release|x64.ActiveCfg = Release|Any CPU
		{A57477C3-2386-4E90-8595-EDE2D66649D3}.Release|x64.Build.0 = Release|Any CPU
		{A57477C3-2386-4E90-8595-EDE2D66649D3}.Release|x86.ActiveCfg = Release|Any CPU
		{A57477C3-2386-4E90-8595-EDE2D66649D3}.Release|x86.Build.0 = Release|Any CPU
		{0B4C0F7D-7A48-4142-9245-705DB7B49F2B}.Debug|Any CPU.ActiveCfg = Debug|Any CPU
		{0B4C0F7D-7A48-4142-9245-705DB7B49F2B}.Debug|Any CPU.Build.0 = Debug|Any CPU
		{0B4C0F7D-7A48-4142-9245-705DB7B49F2B}.Debug|x64.ActiveCfg = Debug|Any CPU
		{0B4C0F7D-7A48-4142-9245-705DB7B49F2B}.Debug|x64.Build.0 = Debug|Any CPU
		{0B4C0F7D-7A48-4142-9245-705DB7B49F2B}.Debug|x86.ActiveCfg = Debug|Any CPU
		{0B4C0F7D-7A48-4142-9245-705DB7B49F2B}.Debug|x86.Build.0 = Debug|Any CPU
		{0B4C0F7D-7A48-4142-9245-705DB7B49F2B}.Release|Any CPU.ActiveCfg = Release|Any CPU
		{0B4C0F7D-7A48-4142-9245-705DB7B49F2B}.Release|Any CPU.Build.0 = Release|Any CPU
		{0B4C0F7D-7A48-4142-9245-705DB7B49F2B}.Release|x64.ActiveCfg = Release|Any CPU
		{0B4C0F7D-7A48-4142-9245-705DB7B49F2B}.Release|x64.Build.0 = Release|Any CPU
		{0B4C0F7D-7A48-4142-9245-705DB7B49F2B}.Release|x86.ActiveCfg = Release|Any CPU
		{0B4C0F7D-7A48-4142-9245-705DB7B49F2B}.Release|x86.Build.0 = Release|Any CPU
		{FAA4B752-166E-47FE-A71F-2EAFFFA44417}.Debug|Any CPU.ActiveCfg = Debug|Any CPU
		{FAA4B752-166E-47FE-A71F-2EAFFFA44417}.Debug|Any CPU.Build.0 = Debug|Any CPU
		{FAA4B752-166E-47FE-A71F-2EAFFFA44417}.Debug|x64.ActiveCfg = Debug|Any CPU
		{FAA4B752-166E-47FE-A71F-2EAFFFA44417}.Debug|x64.Build.0 = Debug|Any CPU
		{FAA4B752-166E-47FE-A71F-2EAFFFA44417}.Debug|x86.ActiveCfg = Debug|Any CPU
		{FAA4B752-166E-47FE-A71F-2EAFFFA44417}.Debug|x86.Build.0 = Debug|Any CPU
		{FAA4B752-166E-47FE-A71F-2EAFFFA44417}.Release|Any CPU.ActiveCfg = Release|Any CPU
		{FAA4B752-166E-47FE-A71F-2EAFFFA44417}.Release|Any CPU.Build.0 = Release|Any CPU
		{FAA4B752-166E-47FE-A71F-2EAFFFA44417}.Release|x64.ActiveCfg = Release|Any CPU
		{FAA4B752-166E-47FE-A71F-2EAFFFA44417}.Release|x64.Build.0 = Release|Any CPU
		{FAA4B752-166E-47FE-A71F-2EAFFFA44417}.Release|x86.ActiveCfg = Release|Any CPU
		{FAA4B752-166E-47FE-A71F-2EAFFFA44417}.Release|x86.Build.0 = Release|Any CPU
		{CD7CD4BF-F4BC-4527-9079-4F1896121439}.Debug|Any CPU.ActiveCfg = Debug|Any CPU
		{CD7CD4BF-F4BC-4527-9079-4F1896121439}.Debug|Any CPU.Build.0 = Debug|Any CPU
		{CD7CD4BF-F4BC-4527-9079-4F1896121439}.Debug|x64.ActiveCfg = Debug|Any CPU
		{CD7CD4BF-F4BC-4527-9079-4F1896121439}.Debug|x64.Build.0 = Debug|Any CPU
		{CD7CD4BF-F4BC-4527-9079-4F1896121439}.Debug|x86.ActiveCfg = Debug|Any CPU
		{CD7CD4BF-F4BC-4527-9079-4F1896121439}.Debug|x86.Build.0 = Debug|Any CPU
		{CD7CD4BF-F4BC-4527-9079-4F1896121439}.Release|Any CPU.ActiveCfg = Release|Any CPU
		{CD7CD4BF-F4BC-4527-9079-4F1896121439}.Release|Any CPU.Build.0 = Release|Any CPU
		{CD7CD4BF-F4BC-4527-9079-4F1896121439}.Release|x64.ActiveCfg = Release|Any CPU
		{CD7CD4BF-F4BC-4527-9079-4F1896121439}.Release|x64.Build.0 = Release|Any CPU
		{CD7CD4BF-F4BC-4527-9079-4F1896121439}.Release|x86.ActiveCfg = Release|Any CPU
		{CD7CD4BF-F4BC-4527-9079-4F1896121439}.Release|x86.Build.0 = Release|Any CPU
		{2DEAFCC1-60F5-4552-BE5E-C043FBCB1485}.Debug|Any CPU.ActiveCfg = Debug|Any CPU
		{2DEAFCC1-60F5-4552-BE5E-C043FBCB1485}.Debug|Any CPU.Build.0 = Debug|Any CPU
		{2DEAFCC1-60F5-4552-BE5E-C043FBCB1485}.Debug|x64.ActiveCfg = Debug|Any CPU
		{2DEAFCC1-60F5-4552-BE5E-C043FBCB1485}.Debug|x64.Build.0 = Debug|Any CPU
		{2DEAFCC1-60F5-4552-BE5E-C043FBCB1485}.Debug|x86.ActiveCfg = Debug|Any CPU
		{2DEAFCC1-60F5-4552-BE5E-C043FBCB1485}.Debug|x86.Build.0 = Debug|Any CPU
		{2DEAFCC1-60F5-4552-BE5E-C043FBCB1485}.Release|Any CPU.ActiveCfg = Release|Any CPU
		{2DEAFCC1-60F5-4552-BE5E-C043FBCB1485}.Release|Any CPU.Build.0 = Release|Any CPU
		{2DEAFCC1-60F5-4552-BE5E-C043FBCB1485}.Release|x64.ActiveCfg = Release|Any CPU
		{2DEAFCC1-60F5-4552-BE5E-C043FBCB1485}.Release|x64.Build.0 = Release|Any CPU
		{2DEAFCC1-60F5-4552-BE5E-C043FBCB1485}.Release|x86.ActiveCfg = Release|Any CPU
		{2DEAFCC1-60F5-4552-BE5E-C043FBCB1485}.Release|x86.Build.0 = Release|Any CPU
		{719599DC-6AD0-45E9-B779-1BDF1F1E9DA5}.Debug|Any CPU.ActiveCfg = Debug|Any CPU
		{719599DC-6AD0-45E9-B779-1BDF1F1E9DA5}.Debug|Any CPU.Build.0 = Debug|Any CPU
		{719599DC-6AD0-45E9-B779-1BDF1F1E9DA5}.Debug|x64.ActiveCfg = Debug|Any CPU
		{719599DC-6AD0-45E9-B779-1BDF1F1E9DA5}.Debug|x64.Build.0 = Debug|Any CPU
		{719599DC-6AD0-45E9-B779-1BDF1F1E9DA5}.Debug|x86.ActiveCfg = Debug|Any CPU
		{719599DC-6AD0-45E9-B779-1BDF1F1E9DA5}.Debug|x86.Build.0 = Debug|Any CPU
		{719599DC-6AD0-45E9-B779-1BDF1F1E9DA5}.Release|Any CPU.ActiveCfg = Release|Any CPU
		{719599DC-6AD0-45E9-B779-1BDF1F1E9DA5}.Release|Any CPU.Build.0 = Release|Any CPU
		{719599DC-6AD0-45E9-B779-1BDF1F1E9DA5}.Release|x64.ActiveCfg = Release|Any CPU
		{719599DC-6AD0-45E9-B779-1BDF1F1E9DA5}.Release|x64.Build.0 = Release|Any CPU
		{719599DC-6AD0-45E9-B779-1BDF1F1E9DA5}.Release|x86.ActiveCfg = Release|Any CPU
		{719599DC-6AD0-45E9-B779-1BDF1F1E9DA5}.Release|x86.Build.0 = Release|Any CPU
		{374CB4EB-51CF-4579-8020-E39DA8E17003}.Debug|Any CPU.ActiveCfg = Debug|Any CPU
		{374CB4EB-51CF-4579-8020-E39DA8E17003}.Debug|Any CPU.Build.0 = Debug|Any CPU
		{374CB4EB-51CF-4579-8020-E39DA8E17003}.Debug|x64.ActiveCfg = Debug|Any CPU
		{374CB4EB-51CF-4579-8020-E39DA8E17003}.Debug|x64.Build.0 = Debug|Any CPU
		{374CB4EB-51CF-4579-8020-E39DA8E17003}.Debug|x86.ActiveCfg = Debug|Any CPU
		{374CB4EB-51CF-4579-8020-E39DA8E17003}.Debug|x86.Build.0 = Debug|Any CPU
		{374CB4EB-51CF-4579-8020-E39DA8E17003}.Release|Any CPU.ActiveCfg = Release|Any CPU
		{374CB4EB-51CF-4579-8020-E39DA8E17003}.Release|Any CPU.Build.0 = Release|Any CPU
		{374CB4EB-51CF-4579-8020-E39DA8E17003}.Release|x64.ActiveCfg = Release|Any CPU
		{374CB4EB-51CF-4579-8020-E39DA8E17003}.Release|x64.Build.0 = Release|Any CPU
		{374CB4EB-51CF-4579-8020-E39DA8E17003}.Release|x86.ActiveCfg = Release|Any CPU
		{374CB4EB-51CF-4579-8020-E39DA8E17003}.Release|x86.Build.0 = Release|Any CPU
		{4389E1E7-6EC5-4F14-88EB-63273FEA64D4}.Debug|Any CPU.ActiveCfg = Debug|Any CPU
		{4389E1E7-6EC5-4F14-88EB-63273FEA64D4}.Debug|Any CPU.Build.0 = Debug|Any CPU
		{4389E1E7-6EC5-4F14-88EB-63273FEA64D4}.Debug|x64.ActiveCfg = Debug|Any CPU
		{4389E1E7-6EC5-4F14-88EB-63273FEA64D4}.Debug|x64.Build.0 = Debug|Any CPU
		{4389E1E7-6EC5-4F14-88EB-63273FEA64D4}.Debug|x86.ActiveCfg = Debug|Any CPU
		{4389E1E7-6EC5-4F14-88EB-63273FEA64D4}.Debug|x86.Build.0 = Debug|Any CPU
		{4389E1E7-6EC5-4F14-88EB-63273FEA64D4}.Release|Any CPU.ActiveCfg = Release|Any CPU
		{4389E1E7-6EC5-4F14-88EB-63273FEA64D4}.Release|Any CPU.Build.0 = Release|Any CPU
		{4389E1E7-6EC5-4F14-88EB-63273FEA64D4}.Release|x64.ActiveCfg = Release|Any CPU
		{4389E1E7-6EC5-4F14-88EB-63273FEA64D4}.Release|x64.Build.0 = Release|Any CPU
		{4389E1E7-6EC5-4F14-88EB-63273FEA64D4}.Release|x86.ActiveCfg = Release|Any CPU
		{4389E1E7-6EC5-4F14-88EB-63273FEA64D4}.Release|x86.Build.0 = Release|Any CPU
		{127521C8-4E9E-4AA4-A9FB-C5525AC72CC4}.Debug|Any CPU.ActiveCfg = Debug|Any CPU
		{127521C8-4E9E-4AA4-A9FB-C5525AC72CC4}.Debug|Any CPU.Build.0 = Debug|Any CPU
		{127521C8-4E9E-4AA4-A9FB-C5525AC72CC4}.Debug|x64.ActiveCfg = Debug|Any CPU
		{127521C8-4E9E-4AA4-A9FB-C5525AC72CC4}.Debug|x64.Build.0 = Debug|Any CPU
		{127521C8-4E9E-4AA4-A9FB-C5525AC72CC4}.Debug|x86.ActiveCfg = Debug|Any CPU
		{127521C8-4E9E-4AA4-A9FB-C5525AC72CC4}.Debug|x86.Build.0 = Debug|Any CPU
		{127521C8-4E9E-4AA4-A9FB-C5525AC72CC4}.Release|Any CPU.ActiveCfg = Release|Any CPU
		{127521C8-4E9E-4AA4-A9FB-C5525AC72CC4}.Release|Any CPU.Build.0 = Release|Any CPU
		{127521C8-4E9E-4AA4-A9FB-C5525AC72CC4}.Release|x64.ActiveCfg = Release|Any CPU
		{127521C8-4E9E-4AA4-A9FB-C5525AC72CC4}.Release|x64.Build.0 = Release|Any CPU
		{127521C8-4E9E-4AA4-A9FB-C5525AC72CC4}.Release|x86.ActiveCfg = Release|Any CPU
		{127521C8-4E9E-4AA4-A9FB-C5525AC72CC4}.Release|x86.Build.0 = Release|Any CPU
		{ABB23C6F-DCE9-4959-A4DF-229553AD43E7}.Debug|Any CPU.ActiveCfg = Debug|Any CPU
		{ABB23C6F-DCE9-4959-A4DF-229553AD43E7}.Debug|Any CPU.Build.0 = Debug|Any CPU
		{ABB23C6F-DCE9-4959-A4DF-229553AD43E7}.Debug|x64.ActiveCfg = Debug|Any CPU
		{ABB23C6F-DCE9-4959-A4DF-229553AD43E7}.Debug|x64.Build.0 = Debug|Any CPU
		{ABB23C6F-DCE9-4959-A4DF-229553AD43E7}.Debug|x86.ActiveCfg = Debug|Any CPU
		{ABB23C6F-DCE9-4959-A4DF-229553AD43E7}.Debug|x86.Build.0 = Debug|Any CPU
		{ABB23C6F-DCE9-4959-A4DF-229553AD43E7}.Release|Any CPU.ActiveCfg = Release|Any CPU
		{ABB23C6F-DCE9-4959-A4DF-229553AD43E7}.Release|Any CPU.Build.0 = Release|Any CPU
		{ABB23C6F-DCE9-4959-A4DF-229553AD43E7}.Release|x64.ActiveCfg = Release|Any CPU
		{ABB23C6F-DCE9-4959-A4DF-229553AD43E7}.Release|x64.Build.0 = Release|Any CPU
		{ABB23C6F-DCE9-4959-A4DF-229553AD43E7}.Release|x86.ActiveCfg = Release|Any CPU
		{ABB23C6F-DCE9-4959-A4DF-229553AD43E7}.Release|x86.Build.0 = Release|Any CPU
		{503EE9B7-19D5-4F2D-AC7F-415228FA6E95}.Debug|Any CPU.ActiveCfg = Debug|Any CPU
		{503EE9B7-19D5-4F2D-AC7F-415228FA6E95}.Debug|Any CPU.Build.0 = Debug|Any CPU
		{503EE9B7-19D5-4F2D-AC7F-415228FA6E95}.Debug|x64.ActiveCfg = Debug|Any CPU
		{503EE9B7-19D5-4F2D-AC7F-415228FA6E95}.Debug|x64.Build.0 = Debug|Any CPU
		{503EE9B7-19D5-4F2D-AC7F-415228FA6E95}.Debug|x86.ActiveCfg = Debug|Any CPU
		{503EE9B7-19D5-4F2D-AC7F-415228FA6E95}.Debug|x86.Build.0 = Debug|Any CPU
		{503EE9B7-19D5-4F2D-AC7F-415228FA6E95}.Release|Any CPU.ActiveCfg = Release|Any CPU
		{503EE9B7-19D5-4F2D-AC7F-415228FA6E95}.Release|Any CPU.Build.0 = Release|Any CPU
		{503EE9B7-19D5-4F2D-AC7F-415228FA6E95}.Release|x64.ActiveCfg = Release|Any CPU
		{503EE9B7-19D5-4F2D-AC7F-415228FA6E95}.Release|x64.Build.0 = Release|Any CPU
		{503EE9B7-19D5-4F2D-AC7F-415228FA6E95}.Release|x86.ActiveCfg = Release|Any CPU
		{503EE9B7-19D5-4F2D-AC7F-415228FA6E95}.Release|x86.Build.0 = Release|Any CPU
		{66E53028-4A85-40E5-80F1-60C317221E0F}.Debug|Any CPU.ActiveCfg = Debug|Any CPU
		{66E53028-4A85-40E5-80F1-60C317221E0F}.Debug|Any CPU.Build.0 = Debug|Any CPU
		{66E53028-4A85-40E5-80F1-60C317221E0F}.Debug|x64.ActiveCfg = Debug|Any CPU
		{66E53028-4A85-40E5-80F1-60C317221E0F}.Debug|x64.Build.0 = Debug|Any CPU
		{66E53028-4A85-40E5-80F1-60C317221E0F}.Debug|x86.ActiveCfg = Debug|Any CPU
		{66E53028-4A85-40E5-80F1-60C317221E0F}.Debug|x86.Build.0 = Debug|Any CPU
		{66E53028-4A85-40E5-80F1-60C317221E0F}.Release|Any CPU.ActiveCfg = Release|Any CPU
		{66E53028-4A85-40E5-80F1-60C317221E0F}.Release|Any CPU.Build.0 = Release|Any CPU
		{66E53028-4A85-40E5-80F1-60C317221E0F}.Release|x64.ActiveCfg = Release|Any CPU
		{66E53028-4A85-40E5-80F1-60C317221E0F}.Release|x64.Build.0 = Release|Any CPU
		{66E53028-4A85-40E5-80F1-60C317221E0F}.Release|x86.ActiveCfg = Release|Any CPU
		{66E53028-4A85-40E5-80F1-60C317221E0F}.Release|x86.Build.0 = Release|Any CPU
		{91B9746E-0920-4618-BD07-3B2A4D3632DF}.Debug|Any CPU.ActiveCfg = Debug|Any CPU
		{91B9746E-0920-4618-BD07-3B2A4D3632DF}.Debug|Any CPU.Build.0 = Debug|Any CPU
		{91B9746E-0920-4618-BD07-3B2A4D3632DF}.Debug|x64.ActiveCfg = Debug|Any CPU
		{91B9746E-0920-4618-BD07-3B2A4D3632DF}.Debug|x64.Build.0 = Debug|Any CPU
		{91B9746E-0920-4618-BD07-3B2A4D3632DF}.Debug|x86.ActiveCfg = Debug|Any CPU
		{91B9746E-0920-4618-BD07-3B2A4D3632DF}.Debug|x86.Build.0 = Debug|Any CPU
		{91B9746E-0920-4618-BD07-3B2A4D3632DF}.Release|Any CPU.ActiveCfg = Release|Any CPU
		{91B9746E-0920-4618-BD07-3B2A4D3632DF}.Release|Any CPU.Build.0 = Release|Any CPU
		{91B9746E-0920-4618-BD07-3B2A4D3632DF}.Release|x64.ActiveCfg = Release|Any CPU
		{91B9746E-0920-4618-BD07-3B2A4D3632DF}.Release|x64.Build.0 = Release|Any CPU
		{91B9746E-0920-4618-BD07-3B2A4D3632DF}.Release|x86.ActiveCfg = Release|Any CPU
		{91B9746E-0920-4618-BD07-3B2A4D3632DF}.Release|x86.Build.0 = Release|Any CPU
		{81468BB7-15D2-45F9-ADF9-2896D20A9ADE}.Debug|Any CPU.ActiveCfg = Debug|Any CPU
		{81468BB7-15D2-45F9-ADF9-2896D20A9ADE}.Debug|Any CPU.Build.0 = Debug|Any CPU
		{81468BB7-15D2-45F9-ADF9-2896D20A9ADE}.Debug|x64.ActiveCfg = Debug|Any CPU
		{81468BB7-15D2-45F9-ADF9-2896D20A9ADE}.Debug|x64.Build.0 = Debug|Any CPU
		{81468BB7-15D2-45F9-ADF9-2896D20A9ADE}.Debug|x86.ActiveCfg = Debug|Any CPU
		{81468BB7-15D2-45F9-ADF9-2896D20A9ADE}.Debug|x86.Build.0 = Debug|Any CPU
		{81468BB7-15D2-45F9-ADF9-2896D20A9ADE}.Release|Any CPU.ActiveCfg = Release|Any CPU
		{81468BB7-15D2-45F9-ADF9-2896D20A9ADE}.Release|Any CPU.Build.0 = Release|Any CPU
		{81468BB7-15D2-45F9-ADF9-2896D20A9ADE}.Release|x64.ActiveCfg = Release|Any CPU
		{81468BB7-15D2-45F9-ADF9-2896D20A9ADE}.Release|x64.Build.0 = Release|Any CPU
		{81468BB7-15D2-45F9-ADF9-2896D20A9ADE}.Release|x86.ActiveCfg = Release|Any CPU
		{81468BB7-15D2-45F9-ADF9-2896D20A9ADE}.Release|x86.Build.0 = Release|Any CPU
		{9A77B1D3-4445-4967-80EF-DDF13525266F}.Debug|Any CPU.ActiveCfg = Debug|Any CPU
		{9A77B1D3-4445-4967-80EF-DDF13525266F}.Debug|Any CPU.Build.0 = Debug|Any CPU
		{9A77B1D3-4445-4967-80EF-DDF13525266F}.Debug|x64.ActiveCfg = Debug|Any CPU
		{9A77B1D3-4445-4967-80EF-DDF13525266F}.Debug|x64.Build.0 = Debug|Any CPU
		{9A77B1D3-4445-4967-80EF-DDF13525266F}.Debug|x86.ActiveCfg = Debug|Any CPU
		{9A77B1D3-4445-4967-80EF-DDF13525266F}.Debug|x86.Build.0 = Debug|Any CPU
		{9A77B1D3-4445-4967-80EF-DDF13525266F}.Release|Any CPU.ActiveCfg = Release|Any CPU
		{9A77B1D3-4445-4967-80EF-DDF13525266F}.Release|Any CPU.Build.0 = Release|Any CPU
		{9A77B1D3-4445-4967-80EF-DDF13525266F}.Release|x64.ActiveCfg = Release|Any CPU
		{9A77B1D3-4445-4967-80EF-DDF13525266F}.Release|x64.Build.0 = Release|Any CPU
		{9A77B1D3-4445-4967-80EF-DDF13525266F}.Release|x86.ActiveCfg = Release|Any CPU
		{9A77B1D3-4445-4967-80EF-DDF13525266F}.Release|x86.Build.0 = Release|Any CPU
		{418E83CD-FA1F-4B96-91B4-31D4B10DBA96}.Debug|Any CPU.ActiveCfg = Debug|Any CPU
		{418E83CD-FA1F-4B96-91B4-31D4B10DBA96}.Debug|Any CPU.Build.0 = Debug|Any CPU
		{418E83CD-FA1F-4B96-91B4-31D4B10DBA96}.Debug|x64.ActiveCfg = Debug|Any CPU
		{418E83CD-FA1F-4B96-91B4-31D4B10DBA96}.Debug|x64.Build.0 = Debug|Any CPU
		{418E83CD-FA1F-4B96-91B4-31D4B10DBA96}.Debug|x86.ActiveCfg = Debug|Any CPU
		{418E83CD-FA1F-4B96-91B4-31D4B10DBA96}.Debug|x86.Build.0 = Debug|Any CPU
		{418E83CD-FA1F-4B96-91B4-31D4B10DBA96}.Release|Any CPU.ActiveCfg = Release|Any CPU
		{418E83CD-FA1F-4B96-91B4-31D4B10DBA96}.Release|Any CPU.Build.0 = Release|Any CPU
		{418E83CD-FA1F-4B96-91B4-31D4B10DBA96}.Release|x64.ActiveCfg = Release|Any CPU
		{418E83CD-FA1F-4B96-91B4-31D4B10DBA96}.Release|x64.Build.0 = Release|Any CPU
		{418E83CD-FA1F-4B96-91B4-31D4B10DBA96}.Release|x86.ActiveCfg = Release|Any CPU
		{418E83CD-FA1F-4B96-91B4-31D4B10DBA96}.Release|x86.Build.0 = Release|Any CPU
		{D6FA442B-79F5-44BE-A00B-95709126DBA6}.Debug|Any CPU.ActiveCfg = Debug|Any CPU
		{D6FA442B-79F5-44BE-A00B-95709126DBA6}.Debug|Any CPU.Build.0 = Debug|Any CPU
		{D6FA442B-79F5-44BE-A00B-95709126DBA6}.Debug|x64.ActiveCfg = Debug|Any CPU
		{D6FA442B-79F5-44BE-A00B-95709126DBA6}.Debug|x64.Build.0 = Debug|Any CPU
		{D6FA442B-79F5-44BE-A00B-95709126DBA6}.Debug|x86.ActiveCfg = Debug|Any CPU
		{D6FA442B-79F5-44BE-A00B-95709126DBA6}.Debug|x86.Build.0 = Debug|Any CPU
		{D6FA442B-79F5-44BE-A00B-95709126DBA6}.Release|Any CPU.ActiveCfg = Release|Any CPU
		{D6FA442B-79F5-44BE-A00B-95709126DBA6}.Release|Any CPU.Build.0 = Release|Any CPU
		{D6FA442B-79F5-44BE-A00B-95709126DBA6}.Release|x64.ActiveCfg = Release|Any CPU
		{D6FA442B-79F5-44BE-A00B-95709126DBA6}.Release|x64.Build.0 = Release|Any CPU
		{D6FA442B-79F5-44BE-A00B-95709126DBA6}.Release|x86.ActiveCfg = Release|Any CPU
		{D6FA442B-79F5-44BE-A00B-95709126DBA6}.Release|x86.Build.0 = Release|Any CPU
		{11883001-6A7E-4722-88F5-251F16F07806}.Debug|Any CPU.ActiveCfg = Debug|Any CPU
		{11883001-6A7E-4722-88F5-251F16F07806}.Debug|Any CPU.Build.0 = Debug|Any CPU
		{11883001-6A7E-4722-88F5-251F16F07806}.Debug|x64.ActiveCfg = Debug|Any CPU
		{11883001-6A7E-4722-88F5-251F16F07806}.Debug|x64.Build.0 = Debug|Any CPU
		{11883001-6A7E-4722-88F5-251F16F07806}.Debug|x86.ActiveCfg = Debug|Any CPU
		{11883001-6A7E-4722-88F5-251F16F07806}.Debug|x86.Build.0 = Debug|Any CPU
		{11883001-6A7E-4722-88F5-251F16F07806}.Release|Any CPU.ActiveCfg = Release|Any CPU
		{11883001-6A7E-4722-88F5-251F16F07806}.Release|Any CPU.Build.0 = Release|Any CPU
		{11883001-6A7E-4722-88F5-251F16F07806}.Release|x64.ActiveCfg = Release|Any CPU
		{11883001-6A7E-4722-88F5-251F16F07806}.Release|x64.Build.0 = Release|Any CPU
		{11883001-6A7E-4722-88F5-251F16F07806}.Release|x86.ActiveCfg = Release|Any CPU
		{11883001-6A7E-4722-88F5-251F16F07806}.Release|x86.Build.0 = Release|Any CPU
		{38D8654C-DDE9-4FA9-BE7A-7696E8DCF54E}.Debug|Any CPU.ActiveCfg = Debug|Any CPU
		{38D8654C-DDE9-4FA9-BE7A-7696E8DCF54E}.Debug|Any CPU.Build.0 = Debug|Any CPU
		{38D8654C-DDE9-4FA9-BE7A-7696E8DCF54E}.Debug|x64.ActiveCfg = Debug|Any CPU
		{38D8654C-DDE9-4FA9-BE7A-7696E8DCF54E}.Debug|x64.Build.0 = Debug|Any CPU
		{38D8654C-DDE9-4FA9-BE7A-7696E8DCF54E}.Debug|x86.ActiveCfg = Debug|Any CPU
		{38D8654C-DDE9-4FA9-BE7A-7696E8DCF54E}.Debug|x86.Build.0 = Debug|Any CPU
		{38D8654C-DDE9-4FA9-BE7A-7696E8DCF54E}.Release|Any CPU.ActiveCfg = Release|Any CPU
		{38D8654C-DDE9-4FA9-BE7A-7696E8DCF54E}.Release|Any CPU.Build.0 = Release|Any CPU
		{38D8654C-DDE9-4FA9-BE7A-7696E8DCF54E}.Release|x64.ActiveCfg = Release|Any CPU
		{38D8654C-DDE9-4FA9-BE7A-7696E8DCF54E}.Release|x64.Build.0 = Release|Any CPU
		{38D8654C-DDE9-4FA9-BE7A-7696E8DCF54E}.Release|x86.ActiveCfg = Release|Any CPU
		{38D8654C-DDE9-4FA9-BE7A-7696E8DCF54E}.Release|x86.Build.0 = Release|Any CPU
		{B93EDB9F-464E-436D-B8F9-2EF2DF962BA7}.Debug|Any CPU.ActiveCfg = Debug|Any CPU
		{B93EDB9F-464E-436D-B8F9-2EF2DF962BA7}.Debug|Any CPU.Build.0 = Debug|Any CPU
		{B93EDB9F-464E-436D-B8F9-2EF2DF962BA7}.Debug|x64.ActiveCfg = Debug|Any CPU
		{B93EDB9F-464E-436D-B8F9-2EF2DF962BA7}.Debug|x64.Build.0 = Debug|Any CPU
		{B93EDB9F-464E-436D-B8F9-2EF2DF962BA7}.Debug|x86.ActiveCfg = Debug|Any CPU
		{B93EDB9F-464E-436D-B8F9-2EF2DF962BA7}.Debug|x86.Build.0 = Debug|Any CPU
		{B93EDB9F-464E-436D-B8F9-2EF2DF962BA7}.Release|Any CPU.ActiveCfg = Release|Any CPU
		{B93EDB9F-464E-436D-B8F9-2EF2DF962BA7}.Release|Any CPU.Build.0 = Release|Any CPU
		{B93EDB9F-464E-436D-B8F9-2EF2DF962BA7}.Release|x64.ActiveCfg = Release|Any CPU
		{B93EDB9F-464E-436D-B8F9-2EF2DF962BA7}.Release|x64.Build.0 = Release|Any CPU
		{B93EDB9F-464E-436D-B8F9-2EF2DF962BA7}.Release|x86.ActiveCfg = Release|Any CPU
		{B93EDB9F-464E-436D-B8F9-2EF2DF962BA7}.Release|x86.Build.0 = Release|Any CPU
		{C44870DB-E421-B877-9CA8-6CE64E0CBF62}.Debug|Any CPU.ActiveCfg = Debug|Any CPU
		{C44870DB-E421-B877-9CA8-6CE64E0CBF62}.Debug|Any CPU.Build.0 = Debug|Any CPU
		{C44870DB-E421-B877-9CA8-6CE64E0CBF62}.Debug|x64.ActiveCfg = Debug|Any CPU
		{C44870DB-E421-B877-9CA8-6CE64E0CBF62}.Debug|x64.Build.0 = Debug|Any CPU
		{C44870DB-E421-B877-9CA8-6CE64E0CBF62}.Debug|x86.ActiveCfg = Debug|Any CPU
		{C44870DB-E421-B877-9CA8-6CE64E0CBF62}.Debug|x86.Build.0 = Debug|Any CPU
		{C44870DB-E421-B877-9CA8-6CE64E0CBF62}.Release|Any CPU.ActiveCfg = Release|Any CPU
		{C44870DB-E421-B877-9CA8-6CE64E0CBF62}.Release|Any CPU.Build.0 = Release|Any CPU
		{C44870DB-E421-B877-9CA8-6CE64E0CBF62}.Release|x64.ActiveCfg = Release|Any CPU
		{C44870DB-E421-B877-9CA8-6CE64E0CBF62}.Release|x64.Build.0 = Release|Any CPU
		{C44870DB-E421-B877-9CA8-6CE64E0CBF62}.Release|x86.ActiveCfg = Release|Any CPU
		{C44870DB-E421-B877-9CA8-6CE64E0CBF62}.Release|x86.Build.0 = Release|Any CPU
		{12049C24-EDDC-BC88-CFCC-413C78EAEF29}.Debug|Any CPU.ActiveCfg = Debug|Any CPU
		{12049C24-EDDC-BC88-CFCC-413C78EAEF29}.Debug|Any CPU.Build.0 = Debug|Any CPU
		{12049C24-EDDC-BC88-CFCC-413C78EAEF29}.Debug|x64.ActiveCfg = Debug|Any CPU
		{12049C24-EDDC-BC88-CFCC-413C78EAEF29}.Debug|x64.Build.0 = Debug|Any CPU
		{12049C24-EDDC-BC88-CFCC-413C78EAEF29}.Debug|x86.ActiveCfg = Debug|Any CPU
		{12049C24-EDDC-BC88-CFCC-413C78EAEF29}.Debug|x86.Build.0 = Debug|Any CPU
		{12049C24-EDDC-BC88-CFCC-413C78EAEF29}.Release|Any CPU.ActiveCfg = Release|Any CPU
		{12049C24-EDDC-BC88-CFCC-413C78EAEF29}.Release|Any CPU.Build.0 = Release|Any CPU
		{12049C24-EDDC-BC88-CFCC-413C78EAEF29}.Release|x64.ActiveCfg = Release|Any CPU
		{12049C24-EDDC-BC88-CFCC-413C78EAEF29}.Release|x64.Build.0 = Release|Any CPU
		{12049C24-EDDC-BC88-CFCC-413C78EAEF29}.Release|x86.ActiveCfg = Release|Any CPU
		{12049C24-EDDC-BC88-CFCC-413C78EAEF29}.Release|x86.Build.0 = Release|Any CPU
		{C3A4067B-E483-42CA-8431-F37B02065434}.Debug|Any CPU.ActiveCfg = Debug|Any CPU
		{C3A4067B-E483-42CA-8431-F37B02065434}.Debug|Any CPU.Build.0 = Debug|Any CPU
		{C3A4067B-E483-42CA-8431-F37B02065434}.Debug|x64.ActiveCfg = Debug|Any CPU
		{C3A4067B-E483-42CA-8431-F37B02065434}.Debug|x64.Build.0 = Debug|Any CPU
		{C3A4067B-E483-42CA-8431-F37B02065434}.Debug|x86.ActiveCfg = Debug|Any CPU
		{C3A4067B-E483-42CA-8431-F37B02065434}.Debug|x86.Build.0 = Debug|Any CPU
		{C3A4067B-E483-42CA-8431-F37B02065434}.Release|Any CPU.ActiveCfg = Release|Any CPU
		{C3A4067B-E483-42CA-8431-F37B02065434}.Release|Any CPU.Build.0 = Release|Any CPU
		{C3A4067B-E483-42CA-8431-F37B02065434}.Release|x64.ActiveCfg = Release|Any CPU
		{C3A4067B-E483-42CA-8431-F37B02065434}.Release|x64.Build.0 = Release|Any CPU
		{C3A4067B-E483-42CA-8431-F37B02065434}.Release|x86.ActiveCfg = Release|Any CPU
		{C3A4067B-E483-42CA-8431-F37B02065434}.Release|x86.Build.0 = Release|Any CPU
		{C565C0F0-38F3-42E8-931C-E412B7C37CCD}.Debug|Any CPU.ActiveCfg = Debug|Any CPU
		{C565C0F0-38F3-42E8-931C-E412B7C37CCD}.Debug|Any CPU.Build.0 = Debug|Any CPU
		{C565C0F0-38F3-42E8-931C-E412B7C37CCD}.Debug|x64.ActiveCfg = Debug|Any CPU
		{C565C0F0-38F3-42E8-931C-E412B7C37CCD}.Debug|x64.Build.0 = Debug|Any CPU
		{C565C0F0-38F3-42E8-931C-E412B7C37CCD}.Debug|x86.ActiveCfg = Debug|Any CPU
		{C565C0F0-38F3-42E8-931C-E412B7C37CCD}.Debug|x86.Build.0 = Debug|Any CPU
		{C565C0F0-38F3-42E8-931C-E412B7C37CCD}.Release|Any CPU.ActiveCfg = Release|Any CPU
		{C565C0F0-38F3-42E8-931C-E412B7C37CCD}.Release|Any CPU.Build.0 = Release|Any CPU
		{C565C0F0-38F3-42E8-931C-E412B7C37CCD}.Release|x64.ActiveCfg = Release|Any CPU
		{C565C0F0-38F3-42E8-931C-E412B7C37CCD}.Release|x64.Build.0 = Release|Any CPU
		{C565C0F0-38F3-42E8-931C-E412B7C37CCD}.Release|x86.ActiveCfg = Release|Any CPU
		{C565C0F0-38F3-42E8-931C-E412B7C37CCD}.Release|x86.Build.0 = Release|Any CPU
		{80CE906C-6B7F-DA00-CBD4-2BB4DAE6F867}.Debug|Any CPU.ActiveCfg = Debug|Any CPU
		{80CE906C-6B7F-DA00-CBD4-2BB4DAE6F867}.Debug|Any CPU.Build.0 = Debug|Any CPU
		{80CE906C-6B7F-DA00-CBD4-2BB4DAE6F867}.Debug|x64.ActiveCfg = Debug|Any CPU
		{80CE906C-6B7F-DA00-CBD4-2BB4DAE6F867}.Debug|x64.Build.0 = Debug|Any CPU
		{80CE906C-6B7F-DA00-CBD4-2BB4DAE6F867}.Debug|x86.ActiveCfg = Debug|Any CPU
		{80CE906C-6B7F-DA00-CBD4-2BB4DAE6F867}.Debug|x86.Build.0 = Debug|Any CPU
		{80CE906C-6B7F-DA00-CBD4-2BB4DAE6F867}.Release|Any CPU.ActiveCfg = Release|Any CPU
		{80CE906C-6B7F-DA00-CBD4-2BB4DAE6F867}.Release|Any CPU.Build.0 = Release|Any CPU
		{80CE906C-6B7F-DA00-CBD4-2BB4DAE6F867}.Release|x64.ActiveCfg = Release|Any CPU
		{80CE906C-6B7F-DA00-CBD4-2BB4DAE6F867}.Release|x64.Build.0 = Release|Any CPU
		{80CE906C-6B7F-DA00-CBD4-2BB4DAE6F867}.Release|x86.ActiveCfg = Release|Any CPU
		{80CE906C-6B7F-DA00-CBD4-2BB4DAE6F867}.Release|x86.Build.0 = Release|Any CPU
		{36137047-A18E-C6FC-C3BD-C620CBCD33D9}.Debug|Any CPU.ActiveCfg = Debug|Any CPU
		{36137047-A18E-C6FC-C3BD-C620CBCD33D9}.Debug|Any CPU.Build.0 = Debug|Any CPU
		{36137047-A18E-C6FC-C3BD-C620CBCD33D9}.Debug|x64.ActiveCfg = Debug|Any CPU
		{36137047-A18E-C6FC-C3BD-C620CBCD33D9}.Debug|x64.Build.0 = Debug|Any CPU
		{36137047-A18E-C6FC-C3BD-C620CBCD33D9}.Debug|x86.ActiveCfg = Debug|Any CPU
		{36137047-A18E-C6FC-C3BD-C620CBCD33D9}.Debug|x86.Build.0 = Debug|Any CPU
		{36137047-A18E-C6FC-C3BD-C620CBCD33D9}.Release|Any CPU.ActiveCfg = Release|Any CPU
		{36137047-A18E-C6FC-C3BD-C620CBCD33D9}.Release|Any CPU.Build.0 = Release|Any CPU
		{36137047-A18E-C6FC-C3BD-C620CBCD33D9}.Release|x64.ActiveCfg = Release|Any CPU
		{36137047-A18E-C6FC-C3BD-C620CBCD33D9}.Release|x64.Build.0 = Release|Any CPU
		{36137047-A18E-C6FC-C3BD-C620CBCD33D9}.Release|x86.ActiveCfg = Release|Any CPU
		{36137047-A18E-C6FC-C3BD-C620CBCD33D9}.Release|x86.Build.0 = Release|Any CPU
		{55E613B9-A50A-9E67-F473-B4648B44A571}.Debug|Any CPU.ActiveCfg = Debug|Any CPU
		{55E613B9-A50A-9E67-F473-B4648B44A571}.Debug|Any CPU.Build.0 = Debug|Any CPU
		{55E613B9-A50A-9E67-F473-B4648B44A571}.Debug|x64.ActiveCfg = Debug|Any CPU
		{55E613B9-A50A-9E67-F473-B4648B44A571}.Debug|x64.Build.0 = Debug|Any CPU
		{55E613B9-A50A-9E67-F473-B4648B44A571}.Debug|x86.ActiveCfg = Debug|Any CPU
		{55E613B9-A50A-9E67-F473-B4648B44A571}.Debug|x86.Build.0 = Debug|Any CPU
		{55E613B9-A50A-9E67-F473-B4648B44A571}.Release|Any CPU.ActiveCfg = Release|Any CPU
		{55E613B9-A50A-9E67-F473-B4648B44A571}.Release|Any CPU.Build.0 = Release|Any CPU
		{55E613B9-A50A-9E67-F473-B4648B44A571}.Release|x64.ActiveCfg = Release|Any CPU
		{55E613B9-A50A-9E67-F473-B4648B44A571}.Release|x64.Build.0 = Release|Any CPU
		{55E613B9-A50A-9E67-F473-B4648B44A571}.Release|x86.ActiveCfg = Release|Any CPU
		{55E613B9-A50A-9E67-F473-B4648B44A571}.Release|x86.Build.0 = Release|Any CPU
		{355D1174-A675-4F0E-BA25-3E3D539727AB}.Debug|Any CPU.ActiveCfg = Debug|Any CPU
		{355D1174-A675-4F0E-BA25-3E3D539727AB}.Debug|Any CPU.Build.0 = Debug|Any CPU
		{355D1174-A675-4F0E-BA25-3E3D539727AB}.Debug|x64.ActiveCfg = Debug|Any CPU
		{355D1174-A675-4F0E-BA25-3E3D539727AB}.Debug|x64.Build.0 = Debug|Any CPU
		{355D1174-A675-4F0E-BA25-3E3D539727AB}.Debug|x86.ActiveCfg = Debug|Any CPU
		{355D1174-A675-4F0E-BA25-3E3D539727AB}.Debug|x86.Build.0 = Debug|Any CPU
		{355D1174-A675-4F0E-BA25-3E3D539727AB}.Release|Any CPU.ActiveCfg = Release|Any CPU
		{355D1174-A675-4F0E-BA25-3E3D539727AB}.Release|Any CPU.Build.0 = Release|Any CPU
		{355D1174-A675-4F0E-BA25-3E3D539727AB}.Release|x64.ActiveCfg = Release|Any CPU
		{355D1174-A675-4F0E-BA25-3E3D539727AB}.Release|x64.Build.0 = Release|Any CPU
		{355D1174-A675-4F0E-BA25-3E3D539727AB}.Release|x86.ActiveCfg = Release|Any CPU
		{355D1174-A675-4F0E-BA25-3E3D539727AB}.Release|x86.Build.0 = Release|Any CPU
	EndGlobalSection
	GlobalSection(SolutionProperties) = preSolution
		HideSolutionNode = FALSE
	EndGlobalSection
	GlobalSection(NestedProjects) = preSolution
		{0A3A4D93-3DAB-4585-A915-983F3D15A65E} = {D4AB318C-0DB0-4A39-A80D-9DE60C8B0049}
		{DC4FD982-A73D-44C3-9CAA-469A3406ED01} = {9C583271-C6E9-4048-BE64-D05FBB7B117A}
		{75A85399-EA10-420F-A5E0-F67C47735435} = {D4AB318C-0DB0-4A39-A80D-9DE60C8B0049}
		{99EA0910-2CCA-471C-B55B-7C93FC5C7F3D} = {D4AB318C-0DB0-4A39-A80D-9DE60C8B0049}
		{CAE6109E-C7D1-499F-A522-7024E604DF50} = {D4AB318C-0DB0-4A39-A80D-9DE60C8B0049}
		{FAC0ABD9-591B-405E-8BE4-FC920B30EB0D} = {D4AB318C-0DB0-4A39-A80D-9DE60C8B0049}
		{98D8846E-7025-4870-8C83-6FDE7671468E} = {D4AB318C-0DB0-4A39-A80D-9DE60C8B0049}
		{975564A5-08C2-4FE0-826C-13470F674E98} = {DDEE45EB-C473-435D-A8BD-F431913C3979}
		{A57477C3-2386-4E90-8595-EDE2D66649D3} = {DDEE45EB-C473-435D-A8BD-F431913C3979}
		{0B4C0F7D-7A48-4142-9245-705DB7B49F2B} = {DDEE45EB-C473-435D-A8BD-F431913C3979}
		{FAA4B752-166E-47FE-A71F-2EAFFFA44417} = {64743A7D-5864-4ABE-AF15-1F790AF76550}
		{CD7CD4BF-F4BC-4527-9079-4F1896121439} = {65179CDD-4244-46A6-A2D3-D18BACB482F1}
		{2DEAFCC1-60F5-4552-BE5E-C043FBCB1485} = {64743A7D-5864-4ABE-AF15-1F790AF76550}
		{719599DC-6AD0-45E9-B779-1BDF1F1E9DA5} = {64743A7D-5864-4ABE-AF15-1F790AF76550}
		{374CB4EB-51CF-4579-8020-E39DA8E17003} = {65179CDD-4244-46A6-A2D3-D18BACB482F1}
		{4389E1E7-6EC5-4F14-88EB-63273FEA64D4} = {65179CDD-4244-46A6-A2D3-D18BACB482F1}
		{ABB23C6F-DCE9-4959-A4DF-229553AD43E7} = {50A52B87-1A95-465D-BF62-50DEFBBEB841}
		{503EE9B7-19D5-4F2D-AC7F-415228FA6E95} = {9C583271-C6E9-4048-BE64-D05FBB7B117A}
		{66E53028-4A85-40E5-80F1-60C317221E0F} = {9C583271-C6E9-4048-BE64-D05FBB7B117A}
		{91B9746E-0920-4618-BD07-3B2A4D3632DF} = {D4AB318C-0DB0-4A39-A80D-9DE60C8B0049}
		{81468BB7-15D2-45F9-ADF9-2896D20A9ADE} = {64743A7D-5864-4ABE-AF15-1F790AF76550}
		{9A77B1D3-4445-4967-80EF-DDF13525266F} = {65179CDD-4244-46A6-A2D3-D18BACB482F1}
		{418E83CD-FA1F-4B96-91B4-31D4B10DBA96} = {7161B574-FE7B-44F8-A86D-DBCD9A07753D}
		{D6FA442B-79F5-44BE-A00B-95709126DBA6} = {7161B574-FE7B-44F8-A86D-DBCD9A07753D}
		{11883001-6A7E-4722-88F5-251F16F07806} = {9C583271-C6E9-4048-BE64-D05FBB7B117A}
		{38D8654C-DDE9-4FA9-BE7A-7696E8DCF54E} = {DDEE45EB-C473-435D-A8BD-F431913C3979}
		{B93EDB9F-464E-436D-B8F9-2EF2DF962BA7} = {D4AB318C-0DB0-4A39-A80D-9DE60C8B0049}
		{C44870DB-E421-B877-9CA8-6CE64E0CBF62} = {9C583271-C6E9-4048-BE64-D05FBB7B117A}
		{12049C24-EDDC-BC88-CFCC-413C78EAEF29} = {9C583271-C6E9-4048-BE64-D05FBB7B117A}
		{C3A4067B-E483-42CA-8431-F37B02065434} = {7161B574-FE7B-44F8-A86D-DBCD9A07753D}
		{C565C0F0-38F3-42E8-931C-E412B7C37CCD} = {DDEE45EB-C473-435D-A8BD-F431913C3979}
		{80CE906C-6B7F-DA00-CBD4-2BB4DAE6F867} = {9C583271-C6E9-4048-BE64-D05FBB7B117A}
		{36137047-A18E-C6FC-C3BD-C620CBCD33D9} = {9C583271-C6E9-4048-BE64-D05FBB7B117A}
		{55E613B9-A50A-9E67-F473-B4648B44A571} = {9C583271-C6E9-4048-BE64-D05FBB7B117A}
		{355D1174-A675-4F0E-BA25-3E3D539727AB} = {9C583271-C6E9-4048-BE64-D05FBB7B117A}
	EndGlobalSection
	GlobalSection(ExtensibilityGlobals) = postSolution
		SolutionGuid = {629EE2D1-459E-4F1E-8E69-A3A2BBFFD04E}
	EndGlobalSection
EndGlobal
